
Microsoft Visual Studio Solution File, Format Version 12.00
# Visual Studio Version 17
VisualStudioVersion = 17.4.32804.182
MinimumVisualStudioVersion = 10.0.40219.1
Project("{FAE04EC0-301F-11D3-BF4B-00C04F79EFBC}") = "PINProjekt", "PINProjekt\PINProjekt.csproj", "{0A0C7D63-2642-4E09-B342-C32A0744D5C3}"
EndProject
Global
	GlobalSection(SolutionConfigurationPlatforms) = preSolution
		Debug|Any CPU = Debug|Any CPU
		Release|Any CPU = Release|Any CPU
	EndGlobalSection
	GlobalSection(ProjectConfigurationPlatforms) = postSolution
		{0A0C7D63-2642-4E09-B342-C32A0744D5C3}.Debug|Any CPU.ActiveCfg = Debug|Any CPU
		{0A0C7D63-2642-4E09-B342-C32A0744D5C3}.Debug|Any CPU.Build.0 = Debug|Any CPU
		{0A0C7D63-2642-4E09-B342-C32A0744D5C3}.Release|Any CPU.ActiveCfg = Release|Any CPU
		{0A0C7D63-2642-4E09-B342-C32A0744D5C3}.Release|Any CPU.Build.0 = Release|Any CPU
	EndGlobalSection
	GlobalSection(SolutionProperties) = preSolution
		HideSolutionNode = FALSE
	EndGlobalSection
	GlobalSection(ExtensibilityGlobals) = postSolution
		SolutionGuid = {FA49A6F0-61CD-4207-8485-AE1EFC14123C}
	EndGlobalSection
EndGlobal
